
Microsoft Visual Studio Solution File, Format Version 12.00
# Visual Studio Version 17
VisualStudioVersion = 17.10.34818.151
MinimumVisualStudioVersion = 10.0.40219.1
Project("{9A19103F-16F7-4668-BE54-9A1E7A4F7556}") = "MyR3Helpers", "MyR3Helpers\MyR3Helpers.csproj", "{C92E434D-1926-46AD-9DE9-ED3FE430C428}"
EndProject
Project("{FAE04EC0-301F-11D3-BF4B-00C04F79EFBC}") = "Sandbox", "Sandbox\Sandbox.csproj", "{7D7123B7-88C2-4200-80B7-882D1C4887AA}"
EndProject
Global
	GlobalSection(SolutionConfigurationPlatforms) = preSolution
		Debug|Any CPU = Debug|Any CPU
		Release|Any CPU = Release|Any CPU
	EndGlobalSection
	GlobalSection(ProjectConfigurationPlatforms) = postSolution
		{C92E434D-1926-46AD-9DE9-ED3FE430C428}.Debug|Any CPU.ActiveCfg = Debug|Any CPU
		{C92E434D-1926-46AD-9DE9-ED3FE430C428}.Debug|Any CPU.Build.0 = Debug|Any CPU
		{C92E434D-1926-46AD-9DE9-ED3FE430C428}.Release|Any CPU.ActiveCfg = Release|Any CPU
		{C92E434D-1926-46AD-9DE9-ED3FE430C428}.Release|Any CPU.Build.0 = Release|Any CPU
		{7D7123B7-88C2-4200-80B7-882D1C4887AA}.Debug|Any CPU.ActiveCfg = Debug|Any CPU
		{7D7123B7-88C2-4200-80B7-882D1C4887AA}.Debug|Any CPU.Build.0 = Debug|Any CPU
		{7D7123B7-88C2-4200-80B7-882D1C4887AA}.Release|Any CPU.ActiveCfg = Release|Any CPU
		{7D7123B7-88C2-4200-80B7-882D1C4887AA}.Release|Any CPU.Build.0 = Release|Any CPU
	EndGlobalSection
	GlobalSection(SolutionProperties) = preSolution
		HideSolutionNode = FALSE
	EndGlobalSection
	GlobalSection(ExtensibilityGlobals) = postSolution
		SolutionGuid = {311E234D-9124-458E-A1AD-EC4E3A8E78AE}
	EndGlobalSection
EndGlobal
